
Microsoft Visual Studio Solution File, Format Version 12.00
Project("{FAE04EC0-301F-11D3-BF4B-00C04F79EFBC}") = "MicrosoftRewards", "MicrosoftRewards\MicrosoftRewards.csproj", "{F30F0273-BFE2-4B41-8280-E152A8464CCE}"
EndProject
Global
	GlobalSection(SolutionConfigurationPlatforms) = preSolution
		Debug|Any CPU = Debug|Any CPU
		Release|Any CPU = Release|Any CPU
	EndGlobalSection
	GlobalSection(ProjectConfigurationPlatforms) = postSolution
		{F30F0273-BFE2-4B41-8280-E152A8464CCE}.Debug|Any CPU.ActiveCfg = Debug|Any CPU
		{F30F0273-BFE2-4B41-8280-E152A8464CCE}.Debug|Any CPU.Build.0 = Debug|Any CPU
		{F30F0273-BFE2-4B41-8280-E152A8464CCE}.Release|Any CPU.ActiveCfg = Release|Any CPU
		{F30F0273-BFE2-4B41-8280-E152A8464CCE}.Release|Any CPU.Build.0 = Release|Any CPU
	EndGlobalSection
EndGlobal
